
Microsoft Visual Studio Solution File, Format Version 12.00
# Visual Studio Version 17
VisualStudioVersion = 17.0.31903.59
MinimumVisualStudioVersion = 10.0.40219.1
Project("{FAE04EC0-301F-11D3-BF4B-00C04F79EFBC}") = "KafkaProducer", "src\KafkaProducer\KafkaProducer.csproj", "{27E94A1D-AFEE-4862-BAC1-9B80FB7C71E7}"
EndProject
Project("{FAE04EC0-301F-11D3-BF4B-00C04F79EFBC}") = "KafkaStreamProcessor", "src\KafkaStreamProcessor\KafkaStreamProcessor.csproj", "{9F885BB8-EB92-4CAB-925E-18AD52CA6A75}"
EndProject
Project("{FAE04EC0-301F-11D3-BF4B-00C04F79EFBC}") = "KafkaConsumer", "src\KafkaConsumer\KafkaConsumer.csproj", "{932DD3E4-A69B-4236-9AFF-DF2D0703764B}"
EndProject
Global
	GlobalSection(SolutionConfigurationPlatforms) = preSolution
		Debug|Any CPU = Debug|Any CPU
		Release|Any CPU = Release|Any CPU
	EndGlobalSection
	GlobalSection(ProjectConfigurationPlatforms) = postSolution
		{27E94A1D-AFEE-4862-BAC1-9B80FB7C71E7}.Debug|Any CPU.ActiveCfg = Debug|Any CPU
		{27E94A1D-AFEE-4862-BAC1-9B80FB7C71E7}.Debug|Any CPU.Build.0 = Debug|Any CPU
		{27E94A1D-AFEE-4862-BAC1-9B80FB7C71E7}.Release|Any CPU.ActiveCfg = Release|Any CPU
		{27E94A1D-AFEE-4862-BAC1-9B80FB7C71E7}.Release|Any CPU.Build.0 = Release|Any CPU
		{9F885BB8-EB92-4CAB-925E-18AD52CA6A75}.Debug|Any CPU.ActiveCfg = Debug|Any CPU
		{9F885BB8-EB92-4CAB-925E-18AD52CA6A75}.Debug|Any CPU.Build.0 = Debug|Any CPU
		{9F885BB8-EB92-4CAB-925E-18AD52CA6A75}.Release|Any CPU.ActiveCfg = Release|Any CPU
		{9F885BB8-EB92-4CAB-925E-18AD52CA6A75}.Release|Any CPU.Build.0 = Release|Any CPU
		{932DD3E4-A69B-4236-9AFF-DF2D0703764B}.Debug|Any CPU.ActiveCfg = Debug|Any CPU
		{932DD3E4-A69B-4236-9AFF-DF2D0703764B}.Debug|Any CPU.Build.0 = Debug|Any CPU
		{932DD3E4-A69B-4236-9AFF-DF2D0703764B}.Release|Any CPU.ActiveCfg = Release|Any CPU
		{932DD3E4-A69B-4236-9AFF-DF2D0703764B}.Release|Any CPU.Build.0 = Release|Any CPU
	EndGlobalSection
	GlobalSection(SolutionProperties) = preSolution
		HideSolutionNode = FALSE
	EndGlobalSection
EndGlobal
