
Microsoft Visual Studio Solution File, Format Version 12.00
# Visual Studio Version 17
VisualStudioVersion = 17.0.31903.59
MinimumVisualStudioVersion = 10.0.40219.1
Project("{FAE04EC0-301F-11D3-BF4B-00C04F79EFBC}") = "KafkaProducer", "KafkaProducer\KafkaProducer.csproj", "{6F5790A2-DAE5-405F-B166-09AA7456053C}"
EndProject
Project("{FAE04EC0-301F-11D3-BF4B-00C04F79EFBC}") = "KafkaConsumer", "KafkaConsumer\KafkaConsumer.csproj", "{64574E3F-074C-43F8-830C-186CBA0B0D19}"
EndProject
Project("{FAE04EC0-301F-11D3-BF4B-00C04F79EFBC}") = "KafkaStreamProcessor", "KafkaStreamProcessor\KafkaStreamProcessor.csproj", "{D44F2DA0-CF99-428C-A103-DB8DD07BDCFE}"
EndProject
Global
	GlobalSection(SolutionConfigurationPlatforms) = preSolution
		Debug|Any CPU = Debug|Any CPU
		Release|Any CPU = Release|Any CPU
	EndGlobalSection
	GlobalSection(SolutionProperties) = preSolution
		HideSolutionNode = FALSE
	EndGlobalSection
	GlobalSection(ProjectConfigurationPlatforms) = postSolution
		{6F5790A2-DAE5-405F-B166-09AA7456053C}.Debug|Any CPU.ActiveCfg = Debug|Any CPU
		{6F5790A2-DAE5-405F-B166-09AA7456053C}.Debug|Any CPU.Build.0 = Debug|Any CPU
		{6F5790A2-DAE5-405F-B166-09AA7456053C}.Release|Any CPU.ActiveCfg = Release|Any CPU
		{6F5790A2-DAE5-405F-B166-09AA7456053C}.Release|Any CPU.Build.0 = Release|Any CPU
		{64574E3F-074C-43F8-830C-186CBA0B0D19}.Debug|Any CPU.ActiveCfg = Debug|Any CPU
		{64574E3F-074C-43F8-830C-186CBA0B0D19}.Debug|Any CPU.Build.0 = Debug|Any CPU
		{64574E3F-074C-43F8-830C-186CBA0B0D19}.Release|Any CPU.ActiveCfg = Release|Any CPU
		{64574E3F-074C-43F8-830C-186CBA0B0D19}.Release|Any CPU.Build.0 = Release|Any CPU
		{D44F2DA0-CF99-428C-A103-DB8DD07BDCFE}.Debug|Any CPU.ActiveCfg = Debug|Any CPU
		{D44F2DA0-CF99-428C-A103-DB8DD07BDCFE}.Debug|Any CPU.Build.0 = Debug|Any CPU
		{D44F2DA0-CF99-428C-A103-DB8DD07BDCFE}.Release|Any CPU.ActiveCfg = Release|Any CPU
		{D44F2DA0-CF99-428C-A103-DB8DD07BDCFE}.Release|Any CPU.Build.0 = Release|Any CPU
	EndGlobalSection
EndGlobal
